
Microsoft Visual Studio Solution File, Format Version 12.00
# Visual Studio Version 17
VisualStudioVersion = 17.4.33103.184
MinimumVisualStudioVersion = 10.0.40219.1
Project("{9A19103F-16F7-4668-BE54-9A1E7A4F7556}") = "ReplayFixer", "ReplayFixer\ReplayFixer.csproj", "{3E512021-3365-44C7-AD4A-82FEC239D732}"
EndProject
Project("{FAE04EC0-301F-11D3-BF4B-00C04F79EFBC}") = "ReplayFixer.Tests", "ReplayFixer.Tests\ReplayFixer.Tests.csproj", "{08CEDA9C-4D73-42FD-ACCE-B7D9DF66518E}"
EndProject
Project("{FAE04EC0-301F-11D3-BF4B-00C04F79EFBC}") = "ReplayFixer.Library", "ReplayFixer.Library\ReplayFixer.Library.csproj", "{4A64BEE5-A3EB-49F0-9DCB-FFF3B2BF8FE9}"
EndProject
Project("{FAE04EC0-301F-11D3-BF4B-00C04F79EFBC}") = "ReplayFixer.Tool", "ReplayFixer.Tool\ReplayFixer.Tool.csproj", "{0363218E-39BA-40E4-9FBE-1C2139875370}"
EndProject
Global
	GlobalSection(SolutionConfigurationPlatforms) = preSolution
		Debug|Any CPU = Debug|Any CPU
		Release|Any CPU = Release|Any CPU
	EndGlobalSection
	GlobalSection(ProjectConfigurationPlatforms) = postSolution
		{3E512021-3365-44C7-AD4A-82FEC239D732}.Debug|Any CPU.ActiveCfg = Debug|Any CPU
		{3E512021-3365-44C7-AD4A-82FEC239D732}.Debug|Any CPU.Build.0 = Debug|Any CPU
		{3E512021-3365-44C7-AD4A-82FEC239D732}.Release|Any CPU.ActiveCfg = Release|Any CPU
		{3E512021-3365-44C7-AD4A-82FEC239D732}.Release|Any CPU.Build.0 = Release|Any CPU
		{08CEDA9C-4D73-42FD-ACCE-B7D9DF66518E}.Debug|Any CPU.ActiveCfg = Debug|Any CPU
		{08CEDA9C-4D73-42FD-ACCE-B7D9DF66518E}.Debug|Any CPU.Build.0 = Debug|Any CPU
		{08CEDA9C-4D73-42FD-ACCE-B7D9DF66518E}.Release|Any CPU.ActiveCfg = Release|Any CPU
		{08CEDA9C-4D73-42FD-ACCE-B7D9DF66518E}.Release|Any CPU.Build.0 = Release|Any CPU
		{4A64BEE5-A3EB-49F0-9DCB-FFF3B2BF8FE9}.Debug|Any CPU.ActiveCfg = Debug|Any CPU
		{4A64BEE5-A3EB-49F0-9DCB-FFF3B2BF8FE9}.Debug|Any CPU.Build.0 = Debug|Any CPU
		{4A64BEE5-A3EB-49F0-9DCB-FFF3B2BF8FE9}.Release|Any CPU.ActiveCfg = Release|Any CPU
		{4A64BEE5-A3EB-49F0-9DCB-FFF3B2BF8FE9}.Release|Any CPU.Build.0 = Release|Any CPU
		{0363218E-39BA-40E4-9FBE-1C2139875370}.Debug|Any CPU.ActiveCfg = Debug|Any CPU
		{0363218E-39BA-40E4-9FBE-1C2139875370}.Debug|Any CPU.Build.0 = Debug|Any CPU
		{0363218E-39BA-40E4-9FBE-1C2139875370}.Release|Any CPU.ActiveCfg = Release|Any CPU
		{0363218E-39BA-40E4-9FBE-1C2139875370}.Release|Any CPU.Build.0 = Release|Any CPU
	EndGlobalSection
	GlobalSection(SolutionProperties) = preSolution
		HideSolutionNode = FALSE
	EndGlobalSection
	GlobalSection(ExtensibilityGlobals) = postSolution
		SolutionGuid = {5C5D66B3-37AE-4EC5-A880-2C4120A6055B}
	EndGlobalSection
EndGlobal
